<?xml version="1.0" encoding="utf-8"?>
<Project ToolsVersion="4.0" xmlns="http://schemas.microsoft.com/developer/msbuild/2003">
  <ItemGroup>
    <Filter Include="Source Files">
      <UniqueIdentifier>{6c269249-3315-4eb9-aca3-01aaa5c553c2}</UniqueIdentifier>
      <Extensions>cpp;c;cxx;rc;def;r;odl;idl;hpj;bat</Extensions>
    </Filter>
    <Filter Include="Source Files\Resource Files">
      <UniqueIdentifier>{ca327b53-fc8c-4fdf-9f0d-24a118c4086c}</UniqueIdentifier>
      <Extensions>ico;cur;bmp;dlg;rc2;rct;bin;rgs;gif;jpg;jpeg;jpe</Extensions>
    </Filter>
    <Filter Include="Header Files">
      <UniqueIdentifier>{66c05ddc-5b42-4977-bc73-21768129e044}</UniqueIdentifier>
      <Extensions>h;hpp;hxx;hm;inl</Extensions>
    </Filter>
  </ItemGroup>
  <ItemGroup>
    <ClCompile Include="main.cpp">
      <Filter>Source Files</Filter>
    </ClCompile>
    <ClCompile Include="myMatrix.cpp">
      <Filter>Source Files</Filter>
    </ClCompile>
    <ClCompile Include="myQuat.cpp">
      <Filter>Source Files</Filter>
    </ClCompile>
    <ClCompile Include="myVector.cpp">
      <Filter>Source Files</Filter>
    </ClCompile>
    <ClCompile Include="ObjLoader.cpp">
      <Filter>Source Files</Filter>
    </ClCompile>
    <ClCompile Include="particleSystem.cpp">
      <Filter>Source Files</Filter>
    </ClCompile>
    <ClCompile Include="tgaloader.cpp">
      <Filter>Source Files</Filter>
    </ClCompile>
    <ClCompile Include="BoundingSphere.cpp">
      <Filter>Source Files</Filter>
    </ClCompile>
  </ItemGroup>
  <ItemGroup>
    <ClInclude Include="glext.h">
      <Filter>Header Files</Filter>
    </ClInclude>
    <ClInclude Include="myMatrix.h">
      <Filter>Header Files</Filter>
    </ClInclude>
    <ClInclude Include="myQuat.h">
      <Filter>Header Files</Filter>
    </ClInclude>
    <ClInclude Include="myVector.h">
      <Filter>Header Files</Filter>
    </ClInclude>
    <ClInclude Include="ObjLoader.h">
      <Filter>Header Files</Filter>
    </ClInclude>
    <ClInclude Include="particleSystem.h">
      <Filter>Header Files</Filter>
    </ClInclude>
    <ClInclude Include="tgaloader.h">
      <Filter>Header Files</Filter>
    </ClInclude>
    <ClInclude Include="BoundingSphere.h">
      <Filter>Header Files</Filter>
    </ClInclude>
  </ItemGroup>
</Project>